# THIS IS AN AUTOGENERATED FILE. DO NOT EDIT THIS FILE DIRECTLY.
# yarn lockfile v1


"@types/recoil@^0.0.9":
  version "0.0.9"
  resolved "https://registry.yarnpkg.com/@types/recoil/-/recoil-0.0.9.tgz#a5efceda791ee2720418e232445bb34f4f2e4be9"
  integrity sha512-dXKcvdzQbkFCcULgxhtc/3shoCNqsspRUY1KwIUYcAzgS0qY7+IxlcjRjq+9PizFnzKrHESllkbezqCMstPmQA==
  dependencies:
    recoil "*"

axios@^0.24.0:
  version "0.24.0"
  resolved "https://registry.yarnpkg.com/axios/-/axios-0.24.0.tgz#804e6fa1e4b9c5288501dd9dff56a7a0940d20d6"
  integrity sha512-Q6cWsys88HoPgAaFAVUb0WpPk0O8iTeisR9IMqy9G8AbO4NlpVknrnQS03zzF9PGAWgO3cgletO3VjV/P7VztA==
  dependencies:
    follow-redirects "^1.14.4"

follow-redirects@^1.14.4:
  version "1.14.5"
  resolved "https://registry.yarnpkg.com/follow-redirects/-/follow-redirects-1.14.5.tgz#f09a5848981d3c772b5392309778523f8d85c381"
  integrity sha512-wtphSXy7d4/OR+MvIFbCVBDzZ5520qV8XfPklSN5QtxuMUJZ+b0Wnst1e1lCDocfzuCkHqj8k0FpZqO+UIaKNA==

hamt_plus@1.0.2:
  version "1.0.2"
  resolved "https://registry.yarnpkg.com/hamt_plus/-/hamt_plus-1.0.2.tgz#e21c252968c7e33b20f6a1b094cd85787a265601"
  integrity sha1-4hwlKWjH4zsg9qGwlM2FeHomVgE=

recoil@*, recoil@^0.5.1:
  version "0.5.1"
  resolved "https://registry.yarnpkg.com/recoil/-/recoil-0.5.1.tgz#af572e3a56ebf6d38ac743b6711205bae3e3e158"
  integrity sha512-nq2MqvGHnYUqWXQOr1igmYOHWUZNphrQWsBziz23iZ04CvWA2ezoZbnXjywkvC1GSefNpAYZMcojEYQ0KOUBPg==
  dependencies:
    hamt_plus "1.0.2"
