# THIS IS AN AUTOGENERATED FILE. DO NOT EDIT THIS FILE DIRECTLY.
# yarn lockfile v1


"@types/recoil@^0.0.9":
  version "0.0.9"
  resolved "https://registry.yarnpkg.com/@types/recoil/-/recoil-0.0.9.tgz#a5efceda791ee2720418e232445bb34f4f2e4be9"
  integrity sha512-dXKcvdzQbkFCcULgxhtc/3shoCNqsspRUY1KwIUYcAzgS0qY7+IxlcjRjq+9PizFnzKrHESllkbezqCMstPmQA==
  dependencies:
    recoil "*"

hamt_plus@1.0.2:
  version "1.0.2"
  resolved "https://registry.yarnpkg.com/hamt_plus/-/hamt_plus-1.0.2.tgz#e21c252968c7e33b20f6a1b094cd85787a265601"
  integrity sha1-4hwlKWjH4zsg9qGwlM2FeHomVgE=

recoil@*, recoil@^0.5.1:
  version "0.5.1"
  resolved "https://registry.yarnpkg.com/recoil/-/recoil-0.5.1.tgz#af572e3a56ebf6d38ac743b6711205bae3e3e158"
  integrity sha512-nq2MqvGHnYUqWXQOr1igmYOHWUZNphrQWsBziz23iZ04CvWA2ezoZbnXjywkvC1GSefNpAYZMcojEYQ0KOUBPg==
  dependencies:
    hamt_plus "1.0.2"
